
Microsoft Visual Studio Solution File, Format Version 12.00
# Visual Studio 15
VisualStudioVersion = 15.0.27703.2000
MinimumVisualStudioVersion = 10.0.40219.1
Project("{9A19103F-16F7-4668-BE54-9A1E7A4F7556}") = "myApp", "myApp.csproj", "{1D060B7F-B3B2-45FB-90AB-0C13B85E61D3}"
EndProject
Project("{FAE04EC0-301F-11D3-BF4B-00C04F79EFBC}") = "UnitTests", "tests\UnitTests\UnitTests.csproj", "{AD517A97-C83A-4216-9355-56E759C2DC4F}"
EndProject
Global
	GlobalSection(SolutionConfigurationPlatforms) = preSolution
		Debug|Any CPU = Debug|Any CPU
		Release|Any CPU = Release|Any CPU
	EndGlobalSection
	GlobalSection(ProjectConfigurationPlatforms) = postSolution
		{1D060B7F-B3B2-45FB-90AB-0C13B85E61D3}.Debug|Any CPU.ActiveCfg = Debug|Any CPU
		{1D060B7F-B3B2-45FB-90AB-0C13B85E61D3}.Debug|Any CPU.Build.0 = Debug|Any CPU
		{1D060B7F-B3B2-45FB-90AB-0C13B85E61D3}.Release|Any CPU.ActiveCfg = Release|Any CPU
		{1D060B7F-B3B2-45FB-90AB-0C13B85E61D3}.Release|Any CPU.Build.0 = Release|Any CPU
		{AD517A97-C83A-4216-9355-56E759C2DC4F}.Debug|Any CPU.ActiveCfg = Debug|Any CPU
		{AD517A97-C83A-4216-9355-56E759C2DC4F}.Debug|Any CPU.Build.0 = Debug|Any CPU
		{AD517A97-C83A-4216-9355-56E759C2DC4F}.Release|Any CPU.ActiveCfg = Release|Any CPU
		{AD517A97-C83A-4216-9355-56E759C2DC4F}.Release|Any CPU.Build.0 = Release|Any CPU
	EndGlobalSection
	GlobalSection(SolutionProperties) = preSolution
		HideSolutionNode = FALSE
	EndGlobalSection
	GlobalSection(ExtensibilityGlobals) = postSolution
		SolutionGuid = {1C65875D-8211-496A-9081-972669691C6C}
	EndGlobalSection
EndGlobal
